
Microsoft Visual Studio Solution File, Format Version 12.00
# Visual Studio Version 17
Project("{8BC9CEB8-8B4A-11D0-8D11-00A0C91BC942}") = "ALL_BUILD", "ALL_BUILD.vcxproj", "{6B1EFD10-54FF-3727-8F9C-F498DED58ED8}"
	ProjectSection(ProjectDependencies) = postProject
		{7F93B377-896B-34A5-9A74-F092C6415259} = {7F93B377-896B-34A5-9A74-F092C6415259}
		{3EDEEC5F-CC55-302F-BCE7-86EECF495FFD} = {3EDEEC5F-CC55-302F-BCE7-86EECF495FFD}
		{0CE44DEE-8778-3A58-86BA-225C7DF6D6C8} = {0CE44DEE-8778-3A58-86BA-225C7DF6D6C8}
		{3A18627A-F469-3E87-8B20-E9A45B2921DD} = {3A18627A-F469-3E87-8B20-E9A45B2921DD}
		{F9CC7142-F262-3069-8831-D1CF2BD0FE8D} = {F9CC7142-F262-3069-8831-D1CF2BD0FE8D}
		{90736BA9-0FBB-35D1-A629-BC9A5ABCC3CB} = {90736BA9-0FBB-35D1-A629-BC9A5ABCC3CB}
		{B2BA989E-2DAD-34CC-B7DC-B684D197C8A5} = {B2BA989E-2DAD-34CC-B7DC-B684D197C8A5}
		{1FA11039-0804-37B5-8D68-1FB6125F4CEC} = {1FA11039-0804-37B5-8D68-1FB6125F4CEC}
		{B0098ED5-E53A-3952-9FF9-46DC277B3AA8} = {B0098ED5-E53A-3952-9FF9-46DC277B3AA8}
		{EB18AF72-9C43-3AA0-B782-6EB53CCB1AA9} = {EB18AF72-9C43-3AA0-B782-6EB53CCB1AA9}
		{03625E3B-021B-327A-8984-3DB4ED1283E5} = {03625E3B-021B-327A-8984-3DB4ED1283E5}
		{D3E1F60D-8745-3885-B8B1-840D935DCC2E} = {D3E1F60D-8745-3885-B8B1-840D935DCC2E}
		{DD8FF2F9-EC6E-326B-B57B-5056B91D9BC1} = {DD8FF2F9-EC6E-326B-B57B-5056B91D9BC1}
	EndProjectSection
EndProject
Project("{8BC9CEB8-8B4A-11D0-8D11-00A0C91BC942}") = "LiveRecomp", "LiveRecomp.vcxproj", "{7F93B377-896B-34A5-9A74-F092C6415259}"
	ProjectSection(ProjectDependencies) = postProject
		{0CE44DEE-8778-3A58-86BA-225C7DF6D6C8} = {0CE44DEE-8778-3A58-86BA-225C7DF6D6C8}
		{EB18AF72-9C43-3AA0-B782-6EB53CCB1AA9} = {EB18AF72-9C43-3AA0-B782-6EB53CCB1AA9}
		{03625E3B-021B-327A-8984-3DB4ED1283E5} = {03625E3B-021B-327A-8984-3DB4ED1283E5}
		{D3E1F60D-8745-3885-B8B1-840D935DCC2E} = {D3E1F60D-8745-3885-B8B1-840D935DCC2E}
		{DD8FF2F9-EC6E-326B-B57B-5056B91D9BC1} = {DD8FF2F9-EC6E-326B-B57B-5056B91D9BC1}
	EndProjectSection
EndProject
Project("{8BC9CEB8-8B4A-11D0-8D11-00A0C91BC942}") = "LiveRecompTest", "LiveRecompTest.vcxproj", "{3EDEEC5F-CC55-302F-BCE7-86EECF495FFD}"
	ProjectSection(ProjectDependencies) = postProject
		{7F93B377-896B-34A5-9A74-F092C6415259} = {7F93B377-896B-34A5-9A74-F092C6415259}
		{0CE44DEE-8778-3A58-86BA-225C7DF6D6C8} = {0CE44DEE-8778-3A58-86BA-225C7DF6D6C8}
		{EB18AF72-9C43-3AA0-B782-6EB53CCB1AA9} = {EB18AF72-9C43-3AA0-B782-6EB53CCB1AA9}
		{03625E3B-021B-327A-8984-3DB4ED1283E5} = {03625E3B-021B-327A-8984-3DB4ED1283E5}
		{D3E1F60D-8745-3885-B8B1-840D935DCC2E} = {D3E1F60D-8745-3885-B8B1-840D935DCC2E}
		{DD8FF2F9-EC6E-326B-B57B-5056B91D9BC1} = {DD8FF2F9-EC6E-326B-B57B-5056B91D9BC1}
	EndProjectSection
EndProject
Project("{8BC9CEB8-8B4A-11D0-8D11-00A0C91BC942}") = "N64Recomp", "N64Recomp.vcxproj", "{0CE44DEE-8778-3A58-86BA-225C7DF6D6C8}"
	ProjectSection(ProjectDependencies) = postProject
		{EB18AF72-9C43-3AA0-B782-6EB53CCB1AA9} = {EB18AF72-9C43-3AA0-B782-6EB53CCB1AA9}
		{03625E3B-021B-327A-8984-3DB4ED1283E5} = {03625E3B-021B-327A-8984-3DB4ED1283E5}
		{D3E1F60D-8745-3885-B8B1-840D935DCC2E} = {D3E1F60D-8745-3885-B8B1-840D935DCC2E}
		{DD8FF2F9-EC6E-326B-B57B-5056B91D9BC1} = {DD8FF2F9-EC6E-326B-B57B-5056B91D9BC1}
	EndProjectSection
EndProject
Project("{8BC9CEB8-8B4A-11D0-8D11-00A0C91BC942}") = "N64RecompCLI", "N64RecompCLI.vcxproj", "{3A18627A-F469-3E87-8B20-E9A45B2921DD}"
	ProjectSection(ProjectDependencies) = postProject
		{0CE44DEE-8778-3A58-86BA-225C7DF6D6C8} = {0CE44DEE-8778-3A58-86BA-225C7DF6D6C8}
		{F9CC7142-F262-3069-8831-D1CF2BD0FE8D} = {F9CC7142-F262-3069-8831-D1CF2BD0FE8D}
		{EB18AF72-9C43-3AA0-B782-6EB53CCB1AA9} = {EB18AF72-9C43-3AA0-B782-6EB53CCB1AA9}
		{03625E3B-021B-327A-8984-3DB4ED1283E5} = {03625E3B-021B-327A-8984-3DB4ED1283E5}
		{D3E1F60D-8745-3885-B8B1-840D935DCC2E} = {D3E1F60D-8745-3885-B8B1-840D935DCC2E}
		{DD8FF2F9-EC6E-326B-B57B-5056B91D9BC1} = {DD8FF2F9-EC6E-326B-B57B-5056B91D9BC1}
	EndProjectSection
EndProject
Project("{8BC9CEB8-8B4A-11D0-8D11-00A0C91BC942}") = "N64RecompElf", "N64RecompElf.vcxproj", "{F9CC7142-F262-3069-8831-D1CF2BD0FE8D}"
	ProjectSection(ProjectDependencies) = postProject
		{03625E3B-021B-327A-8984-3DB4ED1283E5} = {03625E3B-021B-327A-8984-3DB4ED1283E5}
		{D3E1F60D-8745-3885-B8B1-840D935DCC2E} = {D3E1F60D-8745-3885-B8B1-840D935DCC2E}
	EndProjectSection
EndProject
Project("{8BC9CEB8-8B4A-11D0-8D11-00A0C91BC942}") = "OfflineModRecomp", "OfflineModRecomp.vcxproj", "{90736BA9-0FBB-35D1-A629-BC9A5ABCC3CB}"
	ProjectSection(ProjectDependencies) = postProject
		{0CE44DEE-8778-3A58-86BA-225C7DF6D6C8} = {0CE44DEE-8778-3A58-86BA-225C7DF6D6C8}
		{EB18AF72-9C43-3AA0-B782-6EB53CCB1AA9} = {EB18AF72-9C43-3AA0-B782-6EB53CCB1AA9}
		{03625E3B-021B-327A-8984-3DB4ED1283E5} = {03625E3B-021B-327A-8984-3DB4ED1283E5}
		{D3E1F60D-8745-3885-B8B1-840D935DCC2E} = {D3E1F60D-8745-3885-B8B1-840D935DCC2E}
		{DD8FF2F9-EC6E-326B-B57B-5056B91D9BC1} = {DD8FF2F9-EC6E-326B-B57B-5056B91D9BC1}
	EndProjectSection
EndProject
Project("{8BC9CEB8-8B4A-11D0-8D11-00A0C91BC942}") = "RSPRecomp", "RSPRecomp.vcxproj", "{B2BA989E-2DAD-34CC-B7DC-B684D197C8A5}"
	ProjectSection(ProjectDependencies) = postProject
		{03625E3B-021B-327A-8984-3DB4ED1283E5} = {03625E3B-021B-327A-8984-3DB4ED1283E5}
		{D3E1F60D-8745-3885-B8B1-840D935DCC2E} = {D3E1F60D-8745-3885-B8B1-840D935DCC2E}
		{DD8FF2F9-EC6E-326B-B57B-5056B91D9BC1} = {DD8FF2F9-EC6E-326B-B57B-5056B91D9BC1}
	EndProjectSection
EndProject
Project("{8BC9CEB8-8B4A-11D0-8D11-00A0C91BC942}") = "RecompModMerger", "RecompModMerger.vcxproj", "{1FA11039-0804-37B5-8D68-1FB6125F4CEC}"
	ProjectSection(ProjectDependencies) = postProject
		{0CE44DEE-8778-3A58-86BA-225C7DF6D6C8} = {0CE44DEE-8778-3A58-86BA-225C7DF6D6C8}
		{EB18AF72-9C43-3AA0-B782-6EB53CCB1AA9} = {EB18AF72-9C43-3AA0-B782-6EB53CCB1AA9}
		{03625E3B-021B-327A-8984-3DB4ED1283E5} = {03625E3B-021B-327A-8984-3DB4ED1283E5}
		{D3E1F60D-8745-3885-B8B1-840D935DCC2E} = {D3E1F60D-8745-3885-B8B1-840D935DCC2E}
		{DD8FF2F9-EC6E-326B-B57B-5056B91D9BC1} = {DD8FF2F9-EC6E-326B-B57B-5056B91D9BC1}
	EndProjectSection
EndProject
Project("{8BC9CEB8-8B4A-11D0-8D11-00A0C91BC942}") = "RecompModTool", "RecompModTool.vcxproj", "{B0098ED5-E53A-3952-9FF9-46DC277B3AA8}"
	ProjectSection(ProjectDependencies) = postProject
		{F9CC7142-F262-3069-8831-D1CF2BD0FE8D} = {F9CC7142-F262-3069-8831-D1CF2BD0FE8D}
		{03625E3B-021B-327A-8984-3DB4ED1283E5} = {03625E3B-021B-327A-8984-3DB4ED1283E5}
		{D3E1F60D-8745-3885-B8B1-840D935DCC2E} = {D3E1F60D-8745-3885-B8B1-840D935DCC2E}
	EndProjectSection
EndProject
Project("{8BC9CEB8-8B4A-11D0-8D11-00A0C91BC942}") = "SymbolLists", "SymbolLists.vcxproj", "{EB18AF72-9C43-3AA0-B782-6EB53CCB1AA9}"
	ProjectSection(ProjectDependencies) = postProject
		{03625E3B-021B-327A-8984-3DB4ED1283E5} = {03625E3B-021B-327A-8984-3DB4ED1283E5}
	EndProjectSection
EndProject
Project("{8BC9CEB8-8B4A-11D0-8D11-00A0C91BC942}") = "ZERO_CHECK", "ZERO_CHECK.vcxproj", "{03625E3B-021B-327A-8984-3DB4ED1283E5}"
	ProjectSection(ProjectDependencies) = postProject
	EndProjectSection
EndProject
Project("{8BC9CEB8-8B4A-11D0-8D11-00A0C91BC942}") = "fmt", "lib\fmt\fmt.vcxproj", "{D3E1F60D-8745-3885-B8B1-840D935DCC2E}"
	ProjectSection(ProjectDependencies) = postProject
		{03625E3B-021B-327A-8984-3DB4ED1283E5} = {03625E3B-021B-327A-8984-3DB4ED1283E5}
	EndProjectSection
EndProject
Project("{8BC9CEB8-8B4A-11D0-8D11-00A0C91BC942}") = "rabbitizer", "rabbitizer.vcxproj", "{DD8FF2F9-EC6E-326B-B57B-5056B91D9BC1}"
	ProjectSection(ProjectDependencies) = postProject
		{03625E3B-021B-327A-8984-3DB4ED1283E5} = {03625E3B-021B-327A-8984-3DB4ED1283E5}
	EndProjectSection
EndProject
Global
	GlobalSection(SolutionConfigurationPlatforms) = preSolution
		Debug|x64 = Debug|x64
		Release|x64 = Release|x64
		MinSizeRel|x64 = MinSizeRel|x64
		RelWithDebInfo|x64 = RelWithDebInfo|x64
	EndGlobalSection
	GlobalSection(ProjectConfigurationPlatforms) = postSolution
		{6B1EFD10-54FF-3727-8F9C-F498DED58ED8}.Debug|x64.ActiveCfg = Debug|x64
		{6B1EFD10-54FF-3727-8F9C-F498DED58ED8}.Release|x64.ActiveCfg = Release|x64
		{6B1EFD10-54FF-3727-8F9C-F498DED58ED8}.MinSizeRel|x64.ActiveCfg = MinSizeRel|x64
		{6B1EFD10-54FF-3727-8F9C-F498DED58ED8}.RelWithDebInfo|x64.ActiveCfg = RelWithDebInfo|x64
		{7F93B377-896B-34A5-9A74-F092C6415259}.Debug|x64.ActiveCfg = Debug|x64
		{7F93B377-896B-34A5-9A74-F092C6415259}.Debug|x64.Build.0 = Debug|x64
		{7F93B377-896B-34A5-9A74-F092C6415259}.Release|x64.ActiveCfg = Release|x64
		{7F93B377-896B-34A5-9A74-F092C6415259}.Release|x64.Build.0 = Release|x64
		{7F93B377-896B-34A5-9A74-F092C6415259}.MinSizeRel|x64.ActiveCfg = MinSizeRel|x64
		{7F93B377-896B-34A5-9A74-F092C6415259}.MinSizeRel|x64.Build.0 = MinSizeRel|x64
		{7F93B377-896B-34A5-9A74-F092C6415259}.RelWithDebInfo|x64.ActiveCfg = RelWithDebInfo|x64
		{7F93B377-896B-34A5-9A74-F092C6415259}.RelWithDebInfo|x64.Build.0 = RelWithDebInfo|x64
		{3EDEEC5F-CC55-302F-BCE7-86EECF495FFD}.Debug|x64.ActiveCfg = Debug|x64
		{3EDEEC5F-CC55-302F-BCE7-86EECF495FFD}.Debug|x64.Build.0 = Debug|x64
		{3EDEEC5F-CC55-302F-BCE7-86EECF495FFD}.Release|x64.ActiveCfg = Release|x64
		{3EDEEC5F-CC55-302F-BCE7-86EECF495FFD}.Release|x64.Build.0 = Release|x64
		{3EDEEC5F-CC55-302F-BCE7-86EECF495FFD}.MinSizeRel|x64.ActiveCfg = MinSizeRel|x64
		{3EDEEC5F-CC55-302F-BCE7-86EECF495FFD}.MinSizeRel|x64.Build.0 = MinSizeRel|x64
		{3EDEEC5F-CC55-302F-BCE7-86EECF495FFD}.RelWithDebInfo|x64.ActiveCfg = RelWithDebInfo|x64
		{3EDEEC5F-CC55-302F-BCE7-86EECF495FFD}.RelWithDebInfo|x64.Build.0 = RelWithDebInfo|x64
		{0CE44DEE-8778-3A58-86BA-225C7DF6D6C8}.Debug|x64.ActiveCfg = Debug|x64
		{0CE44DEE-8778-3A58-86BA-225C7DF6D6C8}.Debug|x64.Build.0 = Debug|x64
		{0CE44DEE-8778-3A58-86BA-225C7DF6D6C8}.Release|x64.ActiveCfg = Release|x64
		{0CE44DEE-8778-3A58-86BA-225C7DF6D6C8}.Release|x64.Build.0 = Release|x64
		{0CE44DEE-8778-3A58-86BA-225C7DF6D6C8}.MinSizeRel|x64.ActiveCfg = MinSizeRel|x64
		{0CE44DEE-8778-3A58-86BA-225C7DF6D6C8}.MinSizeRel|x64.Build.0 = MinSizeRel|x64
		{0CE44DEE-8778-3A58-86BA-225C7DF6D6C8}.RelWithDebInfo|x64.ActiveCfg = RelWithDebInfo|x64
		{0CE44DEE-8778-3A58-86BA-225C7DF6D6C8}.RelWithDebInfo|x64.Build.0 = RelWithDebInfo|x64
		{3A18627A-F469-3E87-8B20-E9A45B2921DD}.Debug|x64.ActiveCfg = Debug|x64
		{3A18627A-F469-3E87-8B20-E9A45B2921DD}.Debug|x64.Build.0 = Debug|x64
		{3A18627A-F469-3E87-8B20-E9A45B2921DD}.Release|x64.ActiveCfg = Release|x64
		{3A18627A-F469-3E87-8B20-E9A45B2921DD}.Release|x64.Build.0 = Release|x64
		{3A18627A-F469-3E87-8B20-E9A45B2921DD}.MinSizeRel|x64.ActiveCfg = MinSizeRel|x64
		{3A18627A-F469-3E87-8B20-E9A45B2921DD}.MinSizeRel|x64.Build.0 = MinSizeRel|x64
		{3A18627A-F469-3E87-8B20-E9A45B2921DD}.RelWithDebInfo|x64.ActiveCfg = RelWithDebInfo|x64
		{3A18627A-F469-3E87-8B20-E9A45B2921DD}.RelWithDebInfo|x64.Build.0 = RelWithDebInfo|x64
		{F9CC7142-F262-3069-8831-D1CF2BD0FE8D}.Debug|x64.ActiveCfg = Debug|x64
		{F9CC7142-F262-3069-8831-D1CF2BD0FE8D}.Debug|x64.Build.0 = Debug|x64
		{F9CC7142-F262-3069-8831-D1CF2BD0FE8D}.Release|x64.ActiveCfg = Release|x64
		{F9CC7142-F262-3069-8831-D1CF2BD0FE8D}.Release|x64.Build.0 = Release|x64
		{F9CC7142-F262-3069-8831-D1CF2BD0FE8D}.MinSizeRel|x64.ActiveCfg = MinSizeRel|x64
		{F9CC7142-F262-3069-8831-D1CF2BD0FE8D}.MinSizeRel|x64.Build.0 = MinSizeRel|x64
		{F9CC7142-F262-3069-8831-D1CF2BD0FE8D}.RelWithDebInfo|x64.ActiveCfg = RelWithDebInfo|x64
		{F9CC7142-F262-3069-8831-D1CF2BD0FE8D}.RelWithDebInfo|x64.Build.0 = RelWithDebInfo|x64
		{90736BA9-0FBB-35D1-A629-BC9A5ABCC3CB}.Debug|x64.ActiveCfg = Debug|x64
		{90736BA9-0FBB-35D1-A629-BC9A5ABCC3CB}.Debug|x64.Build.0 = Debug|x64
		{90736BA9-0FBB-35D1-A629-BC9A5ABCC3CB}.Release|x64.ActiveCfg = Release|x64
		{90736BA9-0FBB-35D1-A629-BC9A5ABCC3CB}.Release|x64.Build.0 = Release|x64
		{90736BA9-0FBB-35D1-A629-BC9A5ABCC3CB}.MinSizeRel|x64.ActiveCfg = MinSizeRel|x64
		{90736BA9-0FBB-35D1-A629-BC9A5ABCC3CB}.MinSizeRel|x64.Build.0 = MinSizeRel|x64
		{90736BA9-0FBB-35D1-A629-BC9A5ABCC3CB}.RelWithDebInfo|x64.ActiveCfg = RelWithDebInfo|x64
		{90736BA9-0FBB-35D1-A629-BC9A5ABCC3CB}.RelWithDebInfo|x64.Build.0 = RelWithDebInfo|x64
		{B2BA989E-2DAD-34CC-B7DC-B684D197C8A5}.Debug|x64.ActiveCfg = Debug|x64
		{B2BA989E-2DAD-34CC-B7DC-B684D197C8A5}.Debug|x64.Build.0 = Debug|x64
		{B2BA989E-2DAD-34CC-B7DC-B684D197C8A5}.Release|x64.ActiveCfg = Release|x64
		{B2BA989E-2DAD-34CC-B7DC-B684D197C8A5}.Release|x64.Build.0 = Release|x64
		{B2BA989E-2DAD-34CC-B7DC-B684D197C8A5}.MinSizeRel|x64.ActiveCfg = MinSizeRel|x64
		{B2BA989E-2DAD-34CC-B7DC-B684D197C8A5}.MinSizeRel|x64.Build.0 = MinSizeRel|x64
		{B2BA989E-2DAD-34CC-B7DC-B684D197C8A5}.RelWithDebInfo|x64.ActiveCfg = RelWithDebInfo|x64
		{B2BA989E-2DAD-34CC-B7DC-B684D197C8A5}.RelWithDebInfo|x64.Build.0 = RelWithDebInfo|x64
		{1FA11039-0804-37B5-8D68-1FB6125F4CEC}.Debug|x64.ActiveCfg = Debug|x64
		{1FA11039-0804-37B5-8D68-1FB6125F4CEC}.Debug|x64.Build.0 = Debug|x64
		{1FA11039-0804-37B5-8D68-1FB6125F4CEC}.Release|x64.ActiveCfg = Release|x64
		{1FA11039-0804-37B5-8D68-1FB6125F4CEC}.Release|x64.Build.0 = Release|x64
		{1FA11039-0804-37B5-8D68-1FB6125F4CEC}.MinSizeRel|x64.ActiveCfg = MinSizeRel|x64
		{1FA11039-0804-37B5-8D68-1FB6125F4CEC}.MinSizeRel|x64.Build.0 = MinSizeRel|x64
		{1FA11039-0804-37B5-8D68-1FB6125F4CEC}.RelWithDebInfo|x64.ActiveCfg = RelWithDebInfo|x64
		{1FA11039-0804-37B5-8D68-1FB6125F4CEC}.RelWithDebInfo|x64.Build.0 = RelWithDebInfo|x64
		{B0098ED5-E53A-3952-9FF9-46DC277B3AA8}.Debug|x64.ActiveCfg = Debug|x64
		{B0098ED5-E53A-3952-9FF9-46DC277B3AA8}.Debug|x64.Build.0 = Debug|x64
		{B0098ED5-E53A-3952-9FF9-46DC277B3AA8}.Release|x64.ActiveCfg = Release|x64
		{B0098ED5-E53A-3952-9FF9-46DC277B3AA8}.Release|x64.Build.0 = Release|x64
		{B0098ED5-E53A-3952-9FF9-46DC277B3AA8}.MinSizeRel|x64.ActiveCfg = MinSizeRel|x64
		{B0098ED5-E53A-3952-9FF9-46DC277B3AA8}.MinSizeRel|x64.Build.0 = MinSizeRel|x64
		{B0098ED5-E53A-3952-9FF9-46DC277B3AA8}.RelWithDebInfo|x64.ActiveCfg = RelWithDebInfo|x64
		{B0098ED5-E53A-3952-9FF9-46DC277B3AA8}.RelWithDebInfo|x64.Build.0 = RelWithDebInfo|x64
		{EB18AF72-9C43-3AA0-B782-6EB53CCB1AA9}.Debug|x64.ActiveCfg = Debug|x64
		{EB18AF72-9C43-3AA0-B782-6EB53CCB1AA9}.Debug|x64.Build.0 = Debug|x64
		{EB18AF72-9C43-3AA0-B782-6EB53CCB1AA9}.Release|x64.ActiveCfg = Release|x64
		{EB18AF72-9C43-3AA0-B782-6EB53CCB1AA9}.Release|x64.Build.0 = Release|x64
		{EB18AF72-9C43-3AA0-B782-6EB53CCB1AA9}.MinSizeRel|x64.ActiveCfg = MinSizeRel|x64
		{EB18AF72-9C43-3AA0-B782-6EB53CCB1AA9}.MinSizeRel|x64.Build.0 = MinSizeRel|x64
		{EB18AF72-9C43-3AA0-B782-6EB53CCB1AA9}.RelWithDebInfo|x64.ActiveCfg = RelWithDebInfo|x64
		{EB18AF72-9C43-3AA0-B782-6EB53CCB1AA9}.RelWithDebInfo|x64.Build.0 = RelWithDebInfo|x64
		{03625E3B-021B-327A-8984-3DB4ED1283E5}.Debug|x64.ActiveCfg = Debug|x64
		{03625E3B-021B-327A-8984-3DB4ED1283E5}.Debug|x64.Build.0 = Debug|x64
		{03625E3B-021B-327A-8984-3DB4ED1283E5}.Release|x64.ActiveCfg = Release|x64
		{03625E3B-021B-327A-8984-3DB4ED1283E5}.Release|x64.Build.0 = Release|x64
		{03625E3B-021B-327A-8984-3DB4ED1283E5}.MinSizeRel|x64.ActiveCfg = MinSizeRel|x64
		{03625E3B-021B-327A-8984-3DB4ED1283E5}.MinSizeRel|x64.Build.0 = MinSizeRel|x64
		{03625E3B-021B-327A-8984-3DB4ED1283E5}.RelWithDebInfo|x64.ActiveCfg = RelWithDebInfo|x64
		{03625E3B-021B-327A-8984-3DB4ED1283E5}.RelWithDebInfo|x64.Build.0 = RelWithDebInfo|x64
		{D3E1F60D-8745-3885-B8B1-840D935DCC2E}.Debug|x64.ActiveCfg = Debug|x64
		{D3E1F60D-8745-3885-B8B1-840D935DCC2E}.Debug|x64.Build.0 = Debug|x64
		{D3E1F60D-8745-3885-B8B1-840D935DCC2E}.Release|x64.ActiveCfg = Release|x64
		{D3E1F60D-8745-3885-B8B1-840D935DCC2E}.Release|x64.Build.0 = Release|x64
		{D3E1F60D-8745-3885-B8B1-840D935DCC2E}.MinSizeRel|x64.ActiveCfg = MinSizeRel|x64
		{D3E1F60D-8745-3885-B8B1-840D935DCC2E}.MinSizeRel|x64.Build.0 = MinSizeRel|x64
		{D3E1F60D-8745-3885-B8B1-840D935DCC2E}.RelWithDebInfo|x64.ActiveCfg = RelWithDebInfo|x64
		{D3E1F60D-8745-3885-B8B1-840D935DCC2E}.RelWithDebInfo|x64.Build.0 = RelWithDebInfo|x64
		{DD8FF2F9-EC6E-326B-B57B-5056B91D9BC1}.Debug|x64.ActiveCfg = Debug|x64
		{DD8FF2F9-EC6E-326B-B57B-5056B91D9BC1}.Debug|x64.Build.0 = Debug|x64
		{DD8FF2F9-EC6E-326B-B57B-5056B91D9BC1}.Release|x64.ActiveCfg = Release|x64
		{DD8FF2F9-EC6E-326B-B57B-5056B91D9BC1}.Release|x64.Build.0 = Release|x64
		{DD8FF2F9-EC6E-326B-B57B-5056B91D9BC1}.MinSizeRel|x64.ActiveCfg = MinSizeRel|x64
		{DD8FF2F9-EC6E-326B-B57B-5056B91D9BC1}.MinSizeRel|x64.Build.0 = MinSizeRel|x64
		{DD8FF2F9-EC6E-326B-B57B-5056B91D9BC1}.RelWithDebInfo|x64.ActiveCfg = RelWithDebInfo|x64
		{DD8FF2F9-EC6E-326B-B57B-5056B91D9BC1}.RelWithDebInfo|x64.Build.0 = RelWithDebInfo|x64
	EndGlobalSection
	GlobalSection(ExtensibilityGlobals) = postSolution
		SolutionGuid = {2B3F449E-9EF8-3653-A5ED-3F29B1173EA9}
	EndGlobalSection
	GlobalSection(ExtensibilityAddIns) = postSolution
	EndGlobalSection
EndGlobal
