<?xml version="1.0" encoding="utf-8"?>
<Project ToolsVersion="17.0" xmlns="http://schemas.microsoft.com/developer/msbuild/2003">
  <ItemGroup>
    <CustomBuild Include="E:\Projects\N64Recomp\build_new\CMakeFiles\72d680c2234a189389718b431a63277d\generate.stamp.rule">
      <Filter>CMake Rules</Filter>
    </CustomBuild>
  </ItemGroup>
  <ItemGroup>
    <Filter Include="CMake Rules">
      <UniqueIdentifier>{2380E410-AED2-3CCD-B67F-DE7910E09645}</UniqueIdentifier>
    </Filter>
  </ItemGroup>
</Project>
